// !$*UTF8*$!
{
	archiveVersion = 1;
	classes = {
	};
	objectVersion = 77;
	objects = {

/* Begin PBXBuildFile section */
		E50A38F12F4C723A001604C4 /* KICEventsApp.swift in Sources */ = {isa = PBXBuildFile; fileRef = E50A38EF2F4C723A001604C4 /* KICEventsApp.swift */; };
		E50A38F22F4C723A001604C4 /* ContentView.swift in Sources */ = {isa = PBXBuildFile; fileRef = E50A38EE2F4C723A001604C4 /* ContentView.swift */; };
		E50A38F32F4C723A001604C4 /* Assets.xcassets in Resources */ = {isa = PBXBuildFile; fileRef = E50A38ED2F4C723A001604C4 /* Assets.xcassets */; };
		E50A39192F4CA7C1001604C4 /* .gitignore in Resources */ = {isa = PBXBuildFile; fileRef = E50A39182F4CA7C1001604C4 /* .gitignore */; };
		E50A391A2F4CA7C1001604C4 /* .gitignore in Resources */ = {isa = PBXBuildFile; fileRef = E50A39182F4CA7C1001604C4 /* .gitignore */; };
/* End PBXBuildFile section */

/* Begin PBXContainerItemProxy section */
		E50A38B72F4B73F8001604C4 /* PBXContainerItemProxy */ = {
			isa = PBXContainerItemProxy;
			containerPortal = E50A38A12F4B73F7001604C4 /* Project object */;
			proxyType = 1;
			remoteGlobalIDString = E50A38A82F4B73F7001604C4;
			remoteInfo = KICEvents;
		};
		E50A38C12F4B73F8001604C4 /* PBXContainerItemProxy */ = {
			isa = PBXContainerItemProxy;
			containerPortal = E50A38A12F4B73F7001604C4 /* Project object */;
			proxyType = 1;
			remoteGlobalIDString = E50A38A82F4B73F7001604C4;
			remoteInfo = KICEvents;
		};
/* End PBXContainerItemProxy section */

/* Begin PBXFileReference section */
		E50A38A92F4B73F7001604C4 /* KICEvents.app */ = {isa = PBXFileReference; explicitFileType = wrapper.application; includeInIndex = 0; path = KICEvents.app; sourceTree = BUILT_PRODUCTS_DIR; };
		E50A38B62F4B73F8001604C4 /* KICEventsTests.xctest */ = {isa = PBXFileReference; explicitFileType = wrapper.cfbundle; includeInIndex = 0; path = KICEventsTests.xctest; sourceTree = BUILT_PRODUCTS_DIR; };
		E50A38C02F4B73F8001604C4 /* KICEventsUITests.xctest */ = {isa = PBXFileReference; explicitFileType = wrapper.cfbundle; includeInIndex = 0; path = KICEventsUITests.xctest; sourceTree = BUILT_PRODUCTS_DIR; };
		E50A38ED2F4C723A001604C4 /* Assets.xcassets */ = {isa = PBXFileReference; lastKnownFileType = folder.assetcatalog; path = Assets.xcassets; sourceTree = "<group>"; };
		E50A38EE2F4C723A001604C4 /* ContentView.swift */ = {isa = PBXFileReference; lastKnownFileType = sourcecode.swift; path = ContentView.swift; sourceTree = "<group>"; };
		E50A38EF2F4C723A001604C4 /* KICEventsApp.swift */ = {isa = PBXFileReference; lastKnownFileType = sourcecode.swift; path = KICEventsApp.swift; sourceTree = "<group>"; };
		E50A39182F4CA7C1001604C4 /* .gitignore */ = {isa = PBXFileReference; lastKnownFileType = text; path = .gitignore; sourceTree = "<group>"; };
/* End PBXFileReference section */

/* Begin PBXFileSystemSynchronizedBuildFileExceptionSet section */
		E50A39312F4CBB14001604C4 /* Exceptions for "Components" folder in "KICEvents" target */ = {
			isa = PBXFileSystemSynchronizedBuildFileExceptionSet;
			membershipExceptions = (
				EventCardView.swift,
			);
			target = E50A38A82F4B73F7001604C4 /* KICEvents */;
		};
		E50A39322F4CBB14001604C4 /* Exceptions for "Components" folder in "KICEventsTests" target */ = {
			isa = PBXFileSystemSynchronizedBuildFileExceptionSet;
			membershipExceptions = (
				EventCardView.swift,
			);
			target = E50A38B52F4B73F8001604C4 /* KICEventsTests */;
		};
		E50A39332F4CBB14001604C4 /* Exceptions for "Models" folder in "KICEvents" target */ = {
			isa = PBXFileSystemSynchronizedBuildFileExceptionSet;
			membershipExceptions = (
				KICEvent.swift,
				Secrets.swift,
			);
			target = E50A38A82F4B73F7001604C4 /* KICEvents */;
		};
		E50A39342F4CBB14001604C4 /* Exceptions for "Servics" folder in "KICEvents" target */ = {
			isa = PBXFileSystemSynchronizedBuildFileExceptionSet;
			membershipExceptions = (
				LocalCacheService.swift,
			);
			target = E50A38A82F4B73F7001604C4 /* KICEvents */;
		};
		E50A39352F4CBB14001604C4 /* Exceptions for "ViewModels" folder in "KICEvents" target */ = {
			isa = PBXFileSystemSynchronizedBuildFileExceptionSet;
			membershipExceptions = (
				EventViewModel.swift,
			);
			target = E50A38A82F4B73F7001604C4 /* KICEvents */;
		};
		E50A39362F4CBB14001604C4 /* Exceptions for "ViewModels" folder in "KICEventsTests" target */ = {
			isa = PBXFileSystemSynchronizedBuildFileExceptionSet;
			membershipExceptions = (
				EventViewModel.swift,
			);
			target = E50A38B52F4B73F8001604C4 /* KICEventsTests */;
		};
/* End PBXFileSystemSynchronizedBuildFileExceptionSet section */

/* Begin PBXFileSystemSynchronizedRootGroup section */
		E50A39202F4CBB14001604C4 /* Components */ = {
			isa = PBXFileSystemSynchronizedRootGroup;
			exceptions = (
				E50A39312F4CBB14001604C4 /* Exceptions for "Components" folder in "KICEvents" target */,
				E50A39322F4CBB14001604C4 /* Exceptions for "Components" folder in "KICEventsTests" target */,
			);
			path = Components;
			sourceTree = "<group>";
		};
		E50A39232F4CBB14001604C4 /* Models */ = {
			isa = PBXFileSystemSynchronizedRootGroup;
			exceptions = (
				E50A39332F4CBB14001604C4 /* Exceptions for "Models" folder in "KICEvents" target */,
			);
			path = Models;
			sourceTree = "<group>";
		};
		E50A39252F4CBB14001604C4 /* Servics */ = {
			isa = PBXFileSystemSynchronizedRootGroup;
			exceptions = (
				E50A39342F4CBB14001604C4 /* Exceptions for "Servics" folder in "KICEvents" target */,
			);
			path = Servics;
			sourceTree = "<group>";
		};
		E50A39272F4CBB14001604C4 /* ViewModels */ = {
			isa = PBXFileSystemSynchronizedRootGroup;
			exceptions = (
				E50A39352F4CBB14001604C4 /* Exceptions for "ViewModels" folder in "KICEvents" target */,
				E50A39362F4CBB14001604C4 /* Exceptions for "ViewModels" folder in "KICEventsTests" target */,
			);
			path = ViewModels;
			sourceTree = "<group>";
		};
/* End PBXFileSystemSynchronizedRootGroup section */

/* Begin PBXFrameworksBuildPhase section */
		E50A38A62F4B73F7001604C4 /* Frameworks */ = {
			isa = PBXFrameworksBuildPhase;
			buildActionMask = 2147483647;
			files = (
			);
			runOnlyForDeploymentPostprocessing = 0;
		};
		E50A38B32F4B73F8001604C4 /* Frameworks */ = {
			isa = PBXFrameworksBuildPhase;
			buildActionMask = 2147483647;
			files = (
			);
			runOnlyForDeploymentPostprocessing = 0;
		};
		E50A38BD2F4B73F8001604C4 /* Frameworks */ = {
			isa = PBXFrameworksBuildPhase;
			buildActionMask = 2147483647;
			files = (
			);
			runOnlyForDeploymentPostprocessing = 0;
		};
/* End PBXFrameworksBuildPhase section */

/* Begin PBXGroup section */
		E50A38A02F4B73F7001604C4 = {
			isa = PBXGroup;
			children = (
				E50A39182F4CA7C1001604C4 /* .gitignore */,
				E50A39202F4CBB14001604C4 /* Components */,
				E50A39232F4CBB14001604C4 /* Models */,
				E50A39252F4CBB14001604C4 /* Servics */,
				E50A39272F4CBB14001604C4 /* ViewModels */,
				E50A38EE2F4C723A001604C4 /* ContentView.swift */,
				E50A38EF2F4C723A001604C4 /* KICEventsApp.swift */,
				E50A38ED2F4C723A001604C4 /* Assets.xcassets */,
				E50A38AA2F4B73F7001604C4 /* Products */,
			);
			sourceTree = "<group>";
		};
		E50A38AA2F4B73F7001604C4 /* Products */ = {
			isa = PBXGroup;
			children = (
				E50A38A92F4B73F7001604C4 /* KICEvents.app */,
				E50A38B62F4B73F8001604C4 /* KICEventsTests.xctest */,
				E50A38C02F4B73F8001604C4 /* KICEventsUITests.xctest */,
			);
			name = Products;
			sourceTree = "<group>";
		};
/* End PBXGroup section */

/* Begin PBXNativeTarget section */
		E50A38A82F4B73F7001604C4 /* KICEvents */ = {
			isa = PBXNativeTarget;
			buildConfigurationList = E50A38CA2F4B73F8001604C4 /* Build configuration list for PBXNativeTarget "KICEvents" */;
			buildPhases = (
				E50A38A52F4B73F7001604C4 /* Sources */,
				E50A38A62F4B73F7001604C4 /* Frameworks */,
				E50A38A72F4B73F7001604C4 /* Resources */,
			);
			buildRules = (
			);
			dependencies = (
			);
			name = KICEvents;
			packageProductDependencies = (
			);
			productName = KICEvents;
			productReference = E50A38A92F4B73F7001604C4 /* KICEvents.app */;
			productType = "com.apple.product-type.application";
		};
		E50A38B52F4B73F8001604C4 /* KICEventsTests */ = {
			isa = PBXNativeTarget;
			buildConfigurationList = E50A38CD2F4B73F8001604C4 /* Build configuration list for PBXNativeTarget "KICEventsTests" */;
			buildPhases = (
				E50A38B22F4B73F8001604C4 /* Sources */,
				E50A38B32F4B73F8001604C4 /* Frameworks */,
				E50A38B42F4B73F8001604C4 /* Resources */,
			);
			buildRules = (
			);
			dependencies = (
				E50A38B82F4B73F8001604C4 /* PBXTargetDependency */,
			);
			fileSystemSynchronizedGroups = (
				E50A39232F4CBB14001604C4 /* Models */,
			);
			name = KICEventsTests;
			packageProductDependencies = (
			);
			productName = KICEventsTests;
			productReference = E50A38B62F4B73F8001604C4 /* KICEventsTests.xctest */;
			productType = "com.apple.product-type.bundle.unit-test";
		};
		E50A38BF2F4B73F8001604C4 /* KICEventsUITests */ = {
			isa = PBXNativeTarget;
			buildConfigurationList = E50A38D02F4B73F8001604C4 /* Build configuration list for PBXNativeTarget "KICEventsUITests" */;
			buildPhases = (
				E50A38BC2F4B73F8001604C4 /* Sources */,
				E50A38BD2F4B73F8001604C4 /* Frameworks */,
				E50A38BE2F4B73F8001604C4 /* Resources */,
			);
			buildRules = (
			);
			dependencies = (
				E50A38C22F4B73F8001604C4 /* PBXTargetDependency */,
			);
			name = KICEventsUITests;
			packageProductDependencies = (
			);
			productName = KICEventsUITests;
			productReference = E50A38C02F4B73F8001604C4 /* KICEventsUITests.xctest */;
			productType = "com.apple.product-type.bundle.ui-testing";
		};
/* End PBXNativeTarget section */

/* Begin PBXProject section */
		E50A38A12F4B73F7001604C4 /* Project object */ = {
			isa = PBXProject;
			attributes = {
				BuildIndependentTargetsInParallel = 1;
				LastSwiftUpdateCheck = 2620;
				LastUpgradeCheck = 2620;
				TargetAttributes = {
					E50A38A82F4B73F7001604C4 = {
						CreatedOnToolsVersion = 26.2;
					};
					E50A38B52F4B73F8001604C4 = {
						CreatedOnToolsVersion = 26.2;
						TestTargetID = E50A38A82F4B73F7001604C4;
					};
					E50A38BF2F4B73F8001604C4 = {
						CreatedOnToolsVersion = 26.2;
						TestTargetID = E50A38A82F4B73F7001604C4;
					};
				};
			};
			buildConfigurationList = E50A38A42F4B73F7001604C4 /* Build configuration list for PBXProject "KICEvents" */;
			developmentRegion = en;
			hasScannedForEncodings = 0;
			knownRegions = (
				en,
				Base,
			);
			mainGroup = E50A38A02F4B73F7001604C4;
			minimizedProjectReferenceProxies = 1;
			preferredProjectObjectVersion = 77;
			productRefGroup = E50A38AA2F4B73F7001604C4 /* Products */;
			projectDirPath = "";
			projectRoot = "";
			targets = (
				E50A38A82F4B73F7001604C4 /* KICEvents */,
				E50A38B52F4B73F8001604C4 /* KICEventsTests */,
				E50A38BF2F4B73F8001604C4 /* KICEventsUITests */,
			);
		};
/* End PBXProject section */

/* Begin PBXResourcesBuildPhase section */
		E50A38A72F4B73F7001604C4 /* Resources */ = {
			isa = PBXResourcesBuildPhase;
			buildActionMask = 2147483647;
			files = (
				E50A391A2F4CA7C1001604C4 /* .gitignore in Resources */,
				E50A38F32F4C723A001604C4 /* Assets.xcassets in Resources */,
			);
			runOnlyForDeploymentPostprocessing = 0;
		};
		E50A38B42F4B73F8001604C4 /* Resources */ = {
			isa = PBXResourcesBuildPhase;
			buildActionMask = 2147483647;
			files = (
				E50A39192F4CA7C1001604C4 /* .gitignore in Resources */,
			);
			runOnlyForDeploymentPostprocessing = 0;
		};
		E50A38BE2F4B73F8001604C4 /* Resources */ = {
			isa = PBXResourcesBuildPhase;
			buildActionMask = 2147483647;
			files = (
			);
			runOnlyForDeploymentPostprocessing = 0;
		};
/* End PBXResourcesBuildPhase section */

/* Begin PBXSourcesBuildPhase section */
		E50A38A52F4B73F7001604C4 /* Sources */ = {
			isa = PBXSourcesBuildPhase;
			buildActionMask = 2147483647;
			files = (
				E50A38F12F4C723A001604C4 /* KICEventsApp.swift in Sources */,
				E50A38F22F4C723A001604C4 /* ContentView.swift in Sources */,
			);
			runOnlyForDeploymentPostprocessing = 0;
		};
		E50A38B22F4B73F8001604C4 /* Sources */ = {
			isa = PBXSourcesBuildPhase;
			buildActionMask = 2147483647;
			files = (
			);
			runOnlyForDeploymentPostprocessing = 0;
		};
		E50A38BC2F4B73F8001604C4 /* Sources */ = {
			isa = PBXSourcesBuildPhase;
			buildActionMask = 2147483647;
			files = (
			);
			runOnlyForDeploymentPostprocessing = 0;
		};
/* End PBXSourcesBuildPhase section */

/* Begin PBXTargetDependency section */
		E50A38B82F4B73F8001604C4 /* PBXTargetDependency */ = {
			isa = PBXTargetDependency;
			target = E50A38A82F4B73F7001604C4 /* KICEvents */;
			targetProxy = E50A38B72F4B73F8001604C4 /* PBXContainerItemProxy */;
		};
		E50A38C22F4B73F8001604C4 /* PBXTargetDependency */ = {
			isa = PBXTargetDependency;
			target = E50A38A82F4B73F7001604C4 /* KICEvents */;
			targetProxy = E50A38C12F4B73F8001604C4 /* PBXContainerItemProxy */;
		};
/* End PBXTargetDependency section */

/* Begin XCBuildConfiguration section */
		E50A38C82F4B73F8001604C4 /* Debug */ = {
			isa = XCBuildConfiguration;
			buildSettings = {
				ALWAYS_SEARCH_USER_PATHS = NO;
				ASSETCATALOG_COMPILER_GENERATE_SWIFT_ASSET_SYMBOL_EXTENSIONS = YES;
				CLANG_ANALYZER_NONNULL = YES;
				CLANG_ANALYZER_NUMBER_OBJECT_CONVERSION = YES_AGGRESSIVE;
				CLANG_CXX_LANGUAGE_STANDARD = "gnu++20";
				CLANG_ENABLE_MODULES = YES;
				CLANG_ENABLE_OBJC_ARC = YES;
				CLANG_ENABLE_OBJC_WEAK = YES;
				CLANG_WARN_BLOCK_CAPTURE_AUTORELEASING = YES;
				CLANG_WARN_BOOL_CONVERSION = YES;
				CLANG_WARN_COMMA = YES;
				CLANG_WARN_CONSTANT_CONVERSION = YES;
				CLANG_WARN_DEPRECATED_OBJC_IMPLEMENTATIONS = YES;
				CLANG_WARN_DIRECT_OBJC_ISA_USAGE = YES_ERROR;
				CLANG_WARN_DOCUMENTATION_COMMENTS = YES;
				CLANG_WARN_EMPTY_BODY = YES;
				CLANG_WARN_ENUM_CONVERSION = YES;
				CLANG_WARN_INFINITE_RECURSION = YES;
				CLANG_WARN_INT_CONVERSION = YES;
				CLANG_WARN_NON_LITERAL_NULL_CONVERSION = YES;
				CLANG_WARN_OBJC_IMPLICIT_RETAIN_SELF = YES;
				CLANG_WARN_OBJC_LITERAL_CONVERSION = YES;
				CLANG_WARN_OBJC_ROOT_CLASS = YES_ERROR;
				CLANG_WARN_QUOTED_INCLUDE_IN_FRAMEWORK_HEADER = YES;
				CLANG_WARN_RANGE_LOOP_ANALYSIS = YES;
				CLANG_WARN_STRICT_PROTOTYPES = YES;
				CLANG_WARN_SUSPICIOUS_MOVE = YES;
				CLANG_WARN_UNGUARDED_AVAILABILITY = YES_AGGRESSIVE;
				CLANG_WARN_UNREACHABLE_CODE = YES;
				CLANG_WARN__DUPLICATE_METHOD_MATCH = YES;
				COPY_PHASE_STRIP = NO;
				DEBUG_INFORMATION_FORMAT = dwarf;
				DEVELOPMENT_TEAM = UJ8S76AV74;
				ENABLE_STRICT_OBJC_MSGSEND = YES;
				ENABLE_TESTABILITY = YES;
				ENABLE_USER_SCRIPT_SANDBOXING = YES;
				GCC_C_LANGUAGE_STANDARD = gnu17;
				GCC_DYNAMIC_NO_PIC = NO;
				GCC_NO_COMMON_BLOCKS = YES;
				GCC_OPTIMIZATION_LEVEL = 0;
				GCC_PREPROCESSOR_DEFINITIONS = (
					"DEBUG=1",
					"$(inherited)",
				);
				GCC_WARN_64_TO_32_BIT_CONVERSION = YES;
				GCC_WARN_ABOUT_RETURN_TYPE = YES_ERROR;
				GCC_WARN_UNDECLARED_SELECTOR = YES;
				GCC_WARN_UNINITIALIZED_AUTOS = YES_AGGRESSIVE;
				GCC_WARN_UNUSED_FUNCTION = YES;
				GCC_WARN_UNUSED_VARIABLE = YES;
				IPHONEOS_DEPLOYMENT_TARGET = 26.2;
				LOCALIZATION_PREFERS_STRING_CATALOGS = YES;
				MTL_ENABLE_DEBUG_INFO = INCLUDE_SOURCE;
				MTL_FAST_MATH = YES;
				ONLY_ACTIVE_ARCH = YES;
				SDKROOT = iphoneos;
				SWIFT_ACTIVE_COMPILATION_CONDITIONS = "DEBUG $(inherited)";
				SWIFT_OPTIMIZATION_LEVEL = "-Onone";
			};
			name = Debug;
		};
		E50A38C92F4B73F8001604C4 /* Release */ = {
			isa = XCBuildConfiguration;
			buildSettings = {
				ALWAYS_SEARCH_USER_PATHS = NO;
				ASSETCATALOG_COMPILER_GENERATE_SWIFT_ASSET_SYMBOL_EXTENSIONS = YES;
				CLANG_ANALYZER_NONNULL = YES;
				CLANG_ANALYZER_NUMBER_OBJECT_CONVERSION = YES_AGGRESSIVE;
				CLANG_CXX_LANGUAGE_STANDARD = "gnu++20";
				CLANG_ENABLE_MODULES = YES;
				CLANG_ENABLE_OBJC_ARC = YES;
				CLANG_ENABLE_OBJC_WEAK = YES;
				CLANG_WARN_BLOCK_CAPTURE_AUTORELEASING = YES;
				CLANG_WARN_BOOL_CONVERSION = YES;
				CLANG_WARN_COMMA = YES;
				CLANG_WARN_CONSTANT_CONVERSION = YES;
				CLANG_WARN_DEPRECATED_OBJC_IMPLEMENTATIONS = YES;
				CLANG_WARN_DIRECT_OBJC_ISA_USAGE = YES_ERROR;
				CLANG_WARN_DOCUMENTATION_COMMENTS = YES;
				CLANG_WARN_EMPTY_BODY = YES;
				CLANG_WARN_ENUM_CONVERSION = YES;
				CLANG_WARN_INFINITE_RECURSION = YES;
				CLANG_WARN_INT_CONVERSION = YES;
				CLANG_WARN_NON_LITERAL_NULL_CONVERSION = YES;
				CLANG_WARN_OBJC_IMPLICIT_RETAIN_SELF = YES;
				CLANG_WARN_OBJC_LITERAL_CONVERSION = YES;
				CLANG_WARN_OBJC_ROOT_CLASS = YES_ERROR;
				CLANG_WARN_QUOTED_INCLUDE_IN_FRAMEWORK_HEADER = YES;
				CLANG_WARN_RANGE_LOOP_ANALYSIS = YES;
				CLANG_WARN_STRICT_PROTOTYPES = YES;
				CLANG_WARN_SUSPICIOUS_MOVE = YES;
				CLANG_WARN_UNGUARDED_AVAILABILITY = YES_AGGRESSIVE;
				CLANG_WARN_UNREACHABLE_CODE = YES;
				CLANG_WARN__DUPLICATE_METHOD_MATCH = YES;
				COPY_PHASE_STRIP = NO;
				DEBUG_INFORMATION_FORMAT = "dwarf-with-dsym";
				DEVELOPMENT_TEAM = UJ8S76AV74;
				ENABLE_NS_ASSERTIONS = NO;
				ENABLE_STRICT_OBJC_MSGSEND = YES;
				ENABLE_USER_SCRIPT_SANDBOXING = YES;
				GCC_C_LANGUAGE_STANDARD = gnu17;
				GCC_NO_COMMON_BLOCKS = YES;
				GCC_WARN_64_TO_32_BIT_CONVERSION = YES;
				GCC_WARN_ABOUT_RETURN_TYPE = YES_ERROR;
				GCC_WARN_UNDECLARED_SELECTOR = YES;
				GCC_WARN_UNINITIALIZED_AUTOS = YES_AGGRESSIVE;
				GCC_WARN_UNUSED_FUNCTION = YES;
				GCC_WARN_UNUSED_VARIABLE = YES;
				IPHONEOS_DEPLOYMENT_TARGET = 26.2;
				LOCALIZATION_PREFERS_STRING_CATALOGS = YES;
				MTL_ENABLE_DEBUG_INFO = NO;
				MTL_FAST_MATH = YES;
				SDKROOT = iphoneos;
				SWIFT_COMPILATION_MODE = wholemodule;
				VALIDATE_PRODUCT = YES;
			};
			name = Release;
		};
		E50A38CB2F4B73F8001604C4 /* Debug */ = {
			isa = XCBuildConfiguration;
			buildSettings = {
				ASSETCATALOG_COMPILER_APPICON_NAME = AppIcon;
				ASSETCATALOG_COMPILER_GLOBAL_ACCENT_COLOR_NAME = AccentColor;
				CODE_SIGN_STYLE = Automatic;
				CURRENT_PROJECT_VERSION = 1;
				DEVELOPMENT_TEAM = UJ8S76AV74;
				ENABLE_PREVIEWS = YES;
				GENERATE_INFOPLIST_FILE = YES;
				INFOPLIST_KEY_UIApplicationSceneManifest_Generation = YES;
				INFOPLIST_KEY_UIApplicationSupportsIndirectInputEvents = YES;
				INFOPLIST_KEY_UILaunchScreen_Generation = YES;
				INFOPLIST_KEY_UISupportedInterfaceOrientations_iPad = "UIInterfaceOrientationPortrait UIInterfaceOrientationPortraitUpsideDown UIInterfaceOrientationLandscapeLeft UIInterfaceOrientationLandscapeRight";
				INFOPLIST_KEY_UISupportedInterfaceOrientations_iPhone = "UIInterfaceOrientationPortrait UIInterfaceOrientationLandscapeLeft UIInterfaceOrientationLandscapeRight";
				LD_RUNPATH_SEARCH_PATHS = (
					"$(inherited)",
					"@executable_path/Frameworks",
				);
				MARKETING_VERSION = 1.0;
				PRODUCT_BUNDLE_IDENTIFIER = "BOYUAN-LI.KICEvents";
				PRODUCT_NAME = "$(TARGET_NAME)";
				STRING_CATALOG_GENERATE_SYMBOLS = YES;
				SWIFT_APPROACHABLE_CONCURRENCY = YES;
				SWIFT_DEFAULT_ACTOR_ISOLATION = MainActor;
				SWIFT_EMIT_LOC_STRINGS = YES;
				SWIFT_UPCOMING_FEATURE_MEMBER_IMPORT_VISIBILITY = YES;
				SWIFT_VERSION = 5.0;
				TARGETED_DEVICE_FAMILY = "1,2";
			};
			name = Debug;
		};
		E50A38CC2F4B73F8001604C4 /* Release */ = {
			isa = XCBuildConfiguration;
			buildSettings = {
				ASSETCATALOG_COMPILER_APPICON_NAME = AppIcon;
				ASSETCATALOG_COMPILER_GLOBAL_ACCENT_COLOR_NAME = AccentColor;
				CODE_SIGN_STYLE = Automatic;
				CURRENT_PROJECT_VERSION = 1;
				DEVELOPMENT_TEAM = UJ8S76AV74;
				ENABLE_PREVIEWS = YES;
				GENERATE_INFOPLIST_FILE = YES;
				INFOPLIST_KEY_UIApplicationSceneManifest_Generation = YES;
				INFOPLIST_KEY_UIApplicationSupportsIndirectInputEvents = YES;
				INFOPLIST_KEY_UILaunchScreen_Generation = YES;
				INFOPLIST_KEY_UISupportedInterfaceOrientations_iPad = "UIInterfaceOrientationPortrait UIInterfaceOrientationPortraitUpsideDown UIInterfaceOrientationLandscapeLeft UIInterfaceOrientationLandscapeRight";
				INFOPLIST_KEY_UISupportedInterfaceOrientations_iPhone = "UIInterfaceOrientationPortrait UIInterfaceOrientationLandscapeLeft UIInterfaceOrientationLandscapeRight";
				LD_RUNPATH_SEARCH_PATHS = (
					"$(inherited)",
					"@executable_path/Frameworks",
				);
				MARKETING_VERSION = 1.0;
				PRODUCT_BUNDLE_IDENTIFIER = "BOYUAN-LI.KICEvents";
				PRODUCT_NAME = "$(TARGET_NAME)";
				STRING_CATALOG_GENERATE_SYMBOLS = YES;
				SWIFT_APPROACHABLE_CONCURRENCY = YES;
				SWIFT_DEFAULT_ACTOR_ISOLATION = MainActor;
				SWIFT_EMIT_LOC_STRINGS = YES;
				SWIFT_UPCOMING_FEATURE_MEMBER_IMPORT_VISIBILITY = YES;
				SWIFT_VERSION = 5.0;
				TARGETED_DEVICE_FAMILY = "1,2";
			};
			name = Release;
		};
		E50A38CE2F4B73F8001604C4 /* Debug */ = {
			isa = XCBuildConfiguration;
			buildSettings = {
				BUNDLE_LOADER = "$(TEST_HOST)";
				CODE_SIGN_STYLE = Automatic;
				CURRENT_PROJECT_VERSION = 1;
				DEVELOPMENT_TEAM = UJ8S76AV74;
				GENERATE_INFOPLIST_FILE = YES;
				IPHONEOS_DEPLOYMENT_TARGET = 26.2;
				MARKETING_VERSION = 1.0;
				PRODUCT_BUNDLE_IDENTIFIER = "BOYUAN-LI.KICEventsTests";
				PRODUCT_NAME = "$(TARGET_NAME)";
				STRING_CATALOG_GENERATE_SYMBOLS = NO;
				SWIFT_APPROACHABLE_CONCURRENCY = YES;
				SWIFT_EMIT_LOC_STRINGS = NO;
				SWIFT_UPCOMING_FEATURE_MEMBER_IMPORT_VISIBILITY = YES;
				SWIFT_VERSION = 5.0;
				TARGETED_DEVICE_FAMILY = "1,2";
				TEST_HOST = "$(BUILT_PRODUCTS_DIR)/KICEvents.app/$(BUNDLE_EXECUTABLE_FOLDER_PATH)/KICEvents";
			};
			name = Debug;
		};
		E50A38CF2F4B73F8001604C4 /* Release */ = {
			isa = XCBuildConfiguration;
			buildSettings = {
				BUNDLE_LOADER = "$(TEST_HOST)";
				CODE_SIGN_STYLE = Automatic;
				CURRENT_PROJECT_VERSION = 1;
				DEVELOPMENT_TEAM = UJ8S76AV74;
				GENERATE_INFOPLIST_FILE = YES;
				IPHONEOS_DEPLOYMENT_TARGET = 26.2;
				MARKETING_VERSION = 1.0;
				PRODUCT_BUNDLE_IDENTIFIER = "BOYUAN-LI.KICEventsTests";
				PRODUCT_NAME = "$(TARGET_NAME)";
				STRING_CATALOG_GENERATE_SYMBOLS = NO;
				SWIFT_APPROACHABLE_CONCURRENCY = YES;
				SWIFT_EMIT_LOC_STRINGS = NO;
				SWIFT_UPCOMING_FEATURE_MEMBER_IMPORT_VISIBILITY = YES;
				SWIFT_VERSION = 5.0;
				TARGETED_DEVICE_FAMILY = "1,2";
				TEST_HOST = "$(BUILT_PRODUCTS_DIR)/KICEvents.app/$(BUNDLE_EXECUTABLE_FOLDER_PATH)/KICEvents";
			};
			name = Release;
		};
		E50A38D12F4B73F8001604C4 /* Debug */ = {
			isa = XCBuildConfiguration;
			buildSettings = {
				CODE_SIGN_STYLE = Automatic;
				CURRENT_PROJECT_VERSION = 1;
				DEVELOPMENT_TEAM = UJ8S76AV74;
				GENERATE_INFOPLIST_FILE = YES;
				MARKETING_VERSION = 1.0;
				PRODUCT_BUNDLE_IDENTIFIER = "BOYUAN-LI.KICEventsUITests";
				PRODUCT_NAME = "$(TARGET_NAME)";
				STRING_CATALOG_GENERATE_SYMBOLS = NO;
				SWIFT_APPROACHABLE_CONCURRENCY = YES;
				SWIFT_EMIT_LOC_STRINGS = NO;
				SWIFT_UPCOMING_FEATURE_MEMBER_IMPORT_VISIBILITY = YES;
				SWIFT_VERSION = 5.0;
				TARGETED_DEVICE_FAMILY = "1,2";
				TEST_TARGET_NAME = KICEvents;
			};
			name = Debug;
		};
		E50A38D22F4B73F8001604C4 /* Release */ = {
			isa = XCBuildConfiguration;
			buildSettings = {
				CODE_SIGN_STYLE = Automatic;
				CURRENT_PROJECT_VERSION = 1;
				DEVELOPMENT_TEAM = UJ8S76AV74;
				GENERATE_INFOPLIST_FILE = YES;
				MARKETING_VERSION = 1.0;
				PRODUCT_BUNDLE_IDENTIFIER = "BOYUAN-LI.KICEventsUITests";
				PRODUCT_NAME = "$(TARGET_NAME)";
				STRING_CATALOG_GENERATE_SYMBOLS = NO;
				SWIFT_APPROACHABLE_CONCURRENCY = YES;
				SWIFT_EMIT_LOC_STRINGS = NO;
				SWIFT_UPCOMING_FEATURE_MEMBER_IMPORT_VISIBILITY = YES;
				SWIFT_VERSION = 5.0;
				TARGETED_DEVICE_FAMILY = "1,2";
				TEST_TARGET_NAME = KICEvents;
			};
			name = Release;
		};
/* End XCBuildConfiguration section */

/* Begin XCConfigurationList section */
		E50A38A42F4B73F7001604C4 /* Build configuration list for PBXProject "KICEvents" */ = {
			isa = XCConfigurationList;
			buildConfigurations = (
				E50A38C82F4B73F8001604C4 /* Debug */,
				E50A38C92F4B73F8001604C4 /* Release */,
			);
			defaultConfigurationIsVisible = 0;
			defaultConfigurationName = Release;
		};
		E50A38CA2F4B73F8001604C4 /* Build configuration list for PBXNativeTarget "KICEvents" */ = {
			isa = XCConfigurationList;
			buildConfigurations = (
				E50A38CB2F4B73F8001604C4 /* Debug */,
				E50A38CC2F4B73F8001604C4 /* Release */,
			);
			defaultConfigurationIsVisible = 0;
			defaultConfigurationName = Release;
		};
		E50A38CD2F4B73F8001604C4 /* Build configuration list for PBXNativeTarget "KICEventsTests" */ = {
			isa = XCConfigurationList;
			buildConfigurations = (
				E50A38CE2F4B73F8001604C4 /* Debug */,
				E50A38CF2F4B73F8001604C4 /* Release */,
			);
			defaultConfigurationIsVisible = 0;
			defaultConfigurationName = Release;
		};
		E50A38D02F4B73F8001604C4 /* Build configuration list for PBXNativeTarget "KICEventsUITests" */ = {
			isa = XCConfigurationList;
			buildConfigurations = (
				E50A38D12F4B73F8001604C4 /* Debug */,
				E50A38D22F4B73F8001604C4 /* Release */,
			);
			defaultConfigurationIsVisible = 0;
			defaultConfigurationName = Release;
		};
/* End XCConfigurationList section */
	};
	rootObject = E50A38A12F4B73F7001604C4 /* Project object */;
}
